
Microsoft Visual Studio Solution File, Format Version 12.00
# Visual Studio Version 16
VisualStudioVersion = 16.0.29230.47
MinimumVisualStudioVersion = 10.0.40219.1
Project("{FAE04EC0-301F-11D3-BF4B-00C04F79EFBC}") = "sbecker1730ex1b", "sbecker1730ex1b\sbecker1730ex1b.csproj", "{3247A182-F39D-4A68-B919-B6C760966ABC}"
EndProject
Project("{FAE04EC0-301F-11D3-BF4B-00C04F79EFBC}") = "sbecker1730ex1c", "sbecker1730ex1c\sbecker1730ex1c.csproj", "{F45A63F1-E15F-4D20-9A29-F6AC1058D920}"
EndProject
Project("{FAE04EC0-301F-11D3-BF4B-00C04F79EFBC}") = "sbecker17301d", "sbecker17301d\sbecker17301d.csproj", "{CC2D56E3-01F2-4A0C-89BA-E79F5D6A370C}"
EndProject
Project("{FAE04EC0-301F-11D3-BF4B-00C04F79EFBC}") = "sbecker1730ex1e", "sbecker1730ex1e\sbecker1730ex1e.csproj", "{B9D76A2B-F5ED-4CC3-BBC4-B2E8A977798D}"
EndProject
Project("{FAE04EC0-301F-11D3-BF4B-00C04F79EFBC}") = "sbecker17301f", "sbecker17301f\sbecker17301f.csproj", "{5BF4180C-0733-4976-82F6-CA370578DBDC}"
EndProject
Project("{FAE04EC0-301F-11D3-BF4B-00C04F79EFBC}") = "sbecker17301g", "sbecker17301g\sbecker17301g.csproj", "{9699451C-295C-4394-B971-36135E9B14C1}"
EndProject
Project("{FAE04EC0-301F-11D3-BF4B-00C04F79EFBC}") = "sbecker17302a1", "sbecker17302a1\sbecker17302a1.csproj", "{29435F7D-BF4E-4780-8CAE-89B8587CEE11}"
EndProject
Project("{FAE04EC0-301F-11D3-BF4B-00C04F79EFBC}") = "sbecker 1730ex2b", "sbecker 1730ex2b\sbecker 1730ex2b.csproj", "{804C9B0E-AB6A-40BF-81B5-BB0D5D0DC485}"
EndProject
Project("{FAE04EC0-301F-11D3-BF4B-00C04F79EFBC}") = "sbecker17302c1", "sbecker17302c1\sbecker17302c1.csproj", "{D7C3F444-D3B0-480B-86CF-04289605EB49}"
EndProject
Project("{FAE04EC0-301F-11D3-BF4B-00C04F79EFBC}") = "sbecker17302d1", "sbecker17302d1\sbecker17302d1.csproj", "{45688317-9CDF-49E0-B01B-0B5D0C406865}"
EndProject
Project("{FAE04EC0-301F-11D3-BF4B-00C04F79EFBC}") = "sbecker17302e1", "sbecker17302e1\sbecker17302e1.csproj", "{92259AE9-B686-4A4E-848F-B9BC91D03DC2}"
EndProject
Project("{FAE04EC0-301F-11D3-BF4B-00C04F79EFBC}") = "sbecker17302e1UnitTests", "sbecker17302e1UnitTests\sbecker17302e1UnitTests.csproj", "{6A98F0A3-05D0-41F7-ADE5-748231DF79A1}"
EndProject
Project("{FAE04EC0-301F-11D3-BF4B-00C04F79EFBC}") = "sbecker1730ex2f1", "sbecker1730ex2f1\sbecker1730ex2f1.csproj", "{F2B60FF1-5AFF-4D2B-8772-BFB4460F629E}"
EndProject
Project("{FAE04EC0-301F-11D3-BF4B-00C04F79EFBC}") = "sbecker17302ex2f1UnitTests", "sbecker17302ex2f1UniteTests\sbecker17302ex2f1UnitTests.csproj", "{77E49656-596A-46E5-A04D-706B4B96B66E}"
EndProject
Project("{FAE04EC0-301F-11D3-BF4B-00C04F79EFBC}") = "sbecker17302g1", "sbecker17301g1\sbecker17302g1.csproj", "{33CE6F9C-7FCA-406F-8F38-407E16D26D4D}"
EndProject
Project("{FAE04EC0-301F-11D3-BF4B-00C04F79EFBC}") = "sbecker17302g1UnitTests", "sbecker17302g1UnitTests\sbecker17302g1UnitTests.csproj", "{EFA4A497-2284-428D-8B48-341782172B23}"
EndProject
Project("{FAE04EC0-301F-11D3-BF4B-00C04F79EFBC}") = "sbecker17302h2", "sbecker17302h2\sbecker17302h2.csproj", "{955ED812-571B-447E-97A2-4A77B960359D}"
EndProject
Project("{FAE04EC0-301F-11D3-BF4B-00C04F79EFBC}") = "sbecker17302h2.Tests", "sbecker17302h2.Tests\sbecker17302h2.Tests.csproj", "{C9D58C44-4701-431E-9EBD-4ECE13079195}"
EndProject
Global
	GlobalSection(SolutionConfigurationPlatforms) = preSolution
		Debug|Any CPU = Debug|Any CPU
		Release|Any CPU = Release|Any CPU
	EndGlobalSection
	GlobalSection(ProjectConfigurationPlatforms) = postSolution
		{3247A182-F39D-4A68-B919-B6C760966ABC}.Debug|Any CPU.ActiveCfg = Debug|Any CPU
		{3247A182-F39D-4A68-B919-B6C760966ABC}.Debug|Any CPU.Build.0 = Debug|Any CPU
		{3247A182-F39D-4A68-B919-B6C760966ABC}.Release|Any CPU.ActiveCfg = Release|Any CPU
		{3247A182-F39D-4A68-B919-B6C760966ABC}.Release|Any CPU.Build.0 = Release|Any CPU
		{F45A63F1-E15F-4D20-9A29-F6AC1058D920}.Debug|Any CPU.ActiveCfg = Debug|Any CPU
		{F45A63F1-E15F-4D20-9A29-F6AC1058D920}.Debug|Any CPU.Build.0 = Debug|Any CPU
		{F45A63F1-E15F-4D20-9A29-F6AC1058D920}.Release|Any CPU.ActiveCfg = Release|Any CPU
		{F45A63F1-E15F-4D20-9A29-F6AC1058D920}.Release|Any CPU.Build.0 = Release|Any CPU
		{CC2D56E3-01F2-4A0C-89BA-E79F5D6A370C}.Debug|Any CPU.ActiveCfg = Debug|Any CPU
		{CC2D56E3-01F2-4A0C-89BA-E79F5D6A370C}.Debug|Any CPU.Build.0 = Debug|Any CPU
		{CC2D56E3-01F2-4A0C-89BA-E79F5D6A370C}.Release|Any CPU.ActiveCfg = Release|Any CPU
		{CC2D56E3-01F2-4A0C-89BA-E79F5D6A370C}.Release|Any CPU.Build.0 = Release|Any CPU
		{B9D76A2B-F5ED-4CC3-BBC4-B2E8A977798D}.Debug|Any CPU.ActiveCfg = Debug|Any CPU
		{B9D76A2B-F5ED-4CC3-BBC4-B2E8A977798D}.Debug|Any CPU.Build.0 = Debug|Any CPU
		{B9D76A2B-F5ED-4CC3-BBC4-B2E8A977798D}.Release|Any CPU.ActiveCfg = Release|Any CPU
		{B9D76A2B-F5ED-4CC3-BBC4-B2E8A977798D}.Release|Any CPU.Build.0 = Release|Any CPU
		{5BF4180C-0733-4976-82F6-CA370578DBDC}.Debug|Any CPU.ActiveCfg = Debug|Any CPU
		{5BF4180C-0733-4976-82F6-CA370578DBDC}.Debug|Any CPU.Build.0 = Debug|Any CPU
		{5BF4180C-0733-4976-82F6-CA370578DBDC}.Release|Any CPU.ActiveCfg = Release|Any CPU
		{5BF4180C-0733-4976-82F6-CA370578DBDC}.Release|Any CPU.Build.0 = Release|Any CPU
		{9699451C-295C-4394-B971-36135E9B14C1}.Debug|Any CPU.ActiveCfg = Debug|Any CPU
		{9699451C-295C-4394-B971-36135E9B14C1}.Debug|Any CPU.Build.0 = Debug|Any CPU
		{9699451C-295C-4394-B971-36135E9B14C1}.Release|Any CPU.ActiveCfg = Release|Any CPU
		{9699451C-295C-4394-B971-36135E9B14C1}.Release|Any CPU.Build.0 = Release|Any CPU
		{29435F7D-BF4E-4780-8CAE-89B8587CEE11}.Debug|Any CPU.ActiveCfg = Debug|Any CPU
		{29435F7D-BF4E-4780-8CAE-89B8587CEE11}.Debug|Any CPU.Build.0 = Debug|Any CPU
		{29435F7D-BF4E-4780-8CAE-89B8587CEE11}.Release|Any CPU.ActiveCfg = Release|Any CPU
		{29435F7D-BF4E-4780-8CAE-89B8587CEE11}.Release|Any CPU.Build.0 = Release|Any CPU
		{804C9B0E-AB6A-40BF-81B5-BB0D5D0DC485}.Debug|Any CPU.ActiveCfg = Debug|Any CPU
		{804C9B0E-AB6A-40BF-81B5-BB0D5D0DC485}.Debug|Any CPU.Build.0 = Debug|Any CPU
		{804C9B0E-AB6A-40BF-81B5-BB0D5D0DC485}.Release|Any CPU.ActiveCfg = Release|Any CPU
		{804C9B0E-AB6A-40BF-81B5-BB0D5D0DC485}.Release|Any CPU.Build.0 = Release|Any CPU
		{D7C3F444-D3B0-480B-86CF-04289605EB49}.Debug|Any CPU.ActiveCfg = Debug|Any CPU
		{D7C3F444-D3B0-480B-86CF-04289605EB49}.Debug|Any CPU.Build.0 = Debug|Any CPU
		{D7C3F444-D3B0-480B-86CF-04289605EB49}.Release|Any CPU.ActiveCfg = Release|Any CPU
		{D7C3F444-D3B0-480B-86CF-04289605EB49}.Release|Any CPU.Build.0 = Release|Any CPU
		{45688317-9CDF-49E0-B01B-0B5D0C406865}.Debug|Any CPU.ActiveCfg = Debug|Any CPU
		{45688317-9CDF-49E0-B01B-0B5D0C406865}.Debug|Any CPU.Build.0 = Debug|Any CPU
		{45688317-9CDF-49E0-B01B-0B5D0C406865}.Release|Any CPU.ActiveCfg = Release|Any CPU
		{45688317-9CDF-49E0-B01B-0B5D0C406865}.Release|Any CPU.Build.0 = Release|Any CPU
		{92259AE9-B686-4A4E-848F-B9BC91D03DC2}.Debug|Any CPU.ActiveCfg = Debug|Any CPU
		{92259AE9-B686-4A4E-848F-B9BC91D03DC2}.Debug|Any CPU.Build.0 = Debug|Any CPU
		{92259AE9-B686-4A4E-848F-B9BC91D03DC2}.Release|Any CPU.ActiveCfg = Release|Any CPU
		{92259AE9-B686-4A4E-848F-B9BC91D03DC2}.Release|Any CPU.Build.0 = Release|Any CPU
		{6A98F0A3-05D0-41F7-ADE5-748231DF79A1}.Debug|Any CPU.ActiveCfg = Debug|Any CPU
		{6A98F0A3-05D0-41F7-ADE5-748231DF79A1}.Debug|Any CPU.Build.0 = Debug|Any CPU
		{6A98F0A3-05D0-41F7-ADE5-748231DF79A1}.Release|Any CPU.ActiveCfg = Release|Any CPU
		{6A98F0A3-05D0-41F7-ADE5-748231DF79A1}.Release|Any CPU.Build.0 = Release|Any CPU
		{F2B60FF1-5AFF-4D2B-8772-BFB4460F629E}.Debug|Any CPU.ActiveCfg = Debug|Any CPU
		{F2B60FF1-5AFF-4D2B-8772-BFB4460F629E}.Debug|Any CPU.Build.0 = Debug|Any CPU
		{F2B60FF1-5AFF-4D2B-8772-BFB4460F629E}.Release|Any CPU.ActiveCfg = Release|Any CPU
		{F2B60FF1-5AFF-4D2B-8772-BFB4460F629E}.Release|Any CPU.Build.0 = Release|Any CPU
		{77E49656-596A-46E5-A04D-706B4B96B66E}.Debug|Any CPU.ActiveCfg = Debug|Any CPU
		{77E49656-596A-46E5-A04D-706B4B96B66E}.Debug|Any CPU.Build.0 = Debug|Any CPU
		{77E49656-596A-46E5-A04D-706B4B96B66E}.Release|Any CPU.ActiveCfg = Release|Any CPU
		{77E49656-596A-46E5-A04D-706B4B96B66E}.Release|Any CPU.Build.0 = Release|Any CPU
		{33CE6F9C-7FCA-406F-8F38-407E16D26D4D}.Debug|Any CPU.ActiveCfg = Debug|Any CPU
		{33CE6F9C-7FCA-406F-8F38-407E16D26D4D}.Debug|Any CPU.Build.0 = Debug|Any CPU
		{33CE6F9C-7FCA-406F-8F38-407E16D26D4D}.Release|Any CPU.ActiveCfg = Release|Any CPU
		{33CE6F9C-7FCA-406F-8F38-407E16D26D4D}.Release|Any CPU.Build.0 = Release|Any CPU
		{EFA4A497-2284-428D-8B48-341782172B23}.Debug|Any CPU.ActiveCfg = Debug|Any CPU
		{EFA4A497-2284-428D-8B48-341782172B23}.Debug|Any CPU.Build.0 = Debug|Any CPU
		{EFA4A497-2284-428D-8B48-341782172B23}.Release|Any CPU.ActiveCfg = Release|Any CPU
		{EFA4A497-2284-428D-8B48-341782172B23}.Release|Any CPU.Build.0 = Release|Any CPU
		{955ED812-571B-447E-97A2-4A77B960359D}.Debug|Any CPU.ActiveCfg = Debug|Any CPU
		{955ED812-571B-447E-97A2-4A77B960359D}.Debug|Any CPU.Build.0 = Debug|Any CPU
		{955ED812-571B-447E-97A2-4A77B960359D}.Release|Any CPU.ActiveCfg = Release|Any CPU
		{955ED812-571B-447E-97A2-4A77B960359D}.Release|Any CPU.Build.0 = Release|Any CPU
		{C9D58C44-4701-431E-9EBD-4ECE13079195}.Debug|Any CPU.ActiveCfg = Debug|Any CPU
		{C9D58C44-4701-431E-9EBD-4ECE13079195}.Debug|Any CPU.Build.0 = Debug|Any CPU
		{C9D58C44-4701-431E-9EBD-4ECE13079195}.Release|Any CPU.ActiveCfg = Release|Any CPU
		{C9D58C44-4701-431E-9EBD-4ECE13079195}.Release|Any CPU.Build.0 = Release|Any CPU
	EndGlobalSection
	GlobalSection(SolutionProperties) = preSolution
		HideSolutionNode = FALSE
	EndGlobalSection
	GlobalSection(ExtensibilityGlobals) = postSolution
		SolutionGuid = {A002F8FD-AA34-4C4D-AC1D-D09F580C2F78}
	EndGlobalSection
EndGlobal
